
Microsoft Visual Studio Solution File, Format Version 12.00
# Visual Studio Version 17
VisualStudioVersion = 17.4.33205.214
MinimumVisualStudioVersion = 10.0.40219.1
Project("{FAE04EC0-301F-11D3-BF4B-00C04F79EFBC}") = "WhatisClass", "WhatisClass.csproj", "{A94714A0-2F7A-49D0-B0F9-1A643D5CEF8F}"
EndProject
Global
	GlobalSection(SolutionConfigurationPlatforms) = preSolution
		Debug|Any CPU = Debug|Any CPU
		Release|Any CPU = Release|Any CPU
	EndGlobalSection
	GlobalSection(ProjectConfigurationPlatforms) = postSolution
		{A94714A0-2F7A-49D0-B0F9-1A643D5CEF8F}.Debug|Any CPU.ActiveCfg = Debug|Any CPU
		{A94714A0-2F7A-49D0-B0F9-1A643D5CEF8F}.Debug|Any CPU.Build.0 = Debug|Any CPU
		{A94714A0-2F7A-49D0-B0F9-1A643D5CEF8F}.Release|Any CPU.ActiveCfg = Release|Any CPU
		{A94714A0-2F7A-49D0-B0F9-1A643D5CEF8F}.Release|Any CPU.Build.0 = Release|Any CPU
	EndGlobalSection
	GlobalSection(SolutionProperties) = preSolution
		HideSolutionNode = FALSE
	EndGlobalSection
	GlobalSection(ExtensibilityGlobals) = postSolution
		SolutionGuid = {D05501C4-8CD2-4512-ACB7-0740081C09B6}
	EndGlobalSection
EndGlobal
