
Microsoft Visual Studio Solution File, Format Version 12.00
# Visual Studio Version 17
VisualStudioVersion = 17.4.33205.214
MinimumVisualStudioVersion = 10.0.40219.1
Project("{FAE04EC0-301F-11D3-BF4B-00C04F79EFBC}") = "Assingment2", "Assingment2.csproj", "{51EF0F48-6063-4A7B-AD7A-E33B515188FA}"
EndProject
Global
	GlobalSection(SolutionConfigurationPlatforms) = preSolution
		Debug|Any CPU = Debug|Any CPU
		Release|Any CPU = Release|Any CPU
	EndGlobalSection
	GlobalSection(ProjectConfigurationPlatforms) = postSolution
		{51EF0F48-6063-4A7B-AD7A-E33B515188FA}.Debug|Any CPU.ActiveCfg = Debug|Any CPU
		{51EF0F48-6063-4A7B-AD7A-E33B515188FA}.Debug|Any CPU.Build.0 = Debug|Any CPU
		{51EF0F48-6063-4A7B-AD7A-E33B515188FA}.Release|Any CPU.ActiveCfg = Release|Any CPU
		{51EF0F48-6063-4A7B-AD7A-E33B515188FA}.Release|Any CPU.Build.0 = Release|Any CPU
	EndGlobalSection
	GlobalSection(SolutionProperties) = preSolution
		HideSolutionNode = FALSE
	EndGlobalSection
	GlobalSection(ExtensibilityGlobals) = postSolution
		SolutionGuid = {C6C3B15D-4C66-4062-AC67-319A421D779A}
	EndGlobalSection
EndGlobal
