
Microsoft Visual Studio Solution File, Format Version 12.00
# Visual Studio Version 17
VisualStudioVersion = 17.4.33205.214
MinimumVisualStudioVersion = 10.0.40219.1
Project("{FAE04EC0-301F-11D3-BF4B-00C04F79EFBC}") = "AssignmentBlackJack", "AssignmentBlackJack.csproj", "{EBFA53BE-DB47-4F2E-B660-9CB7CF84D8EF}"
EndProject
Global
	GlobalSection(SolutionConfigurationPlatforms) = preSolution
		Debug|Any CPU = Debug|Any CPU
		Release|Any CPU = Release|Any CPU
	EndGlobalSection
	GlobalSection(ProjectConfigurationPlatforms) = postSolution
		{EBFA53BE-DB47-4F2E-B660-9CB7CF84D8EF}.Debug|Any CPU.ActiveCfg = Debug|Any CPU
		{EBFA53BE-DB47-4F2E-B660-9CB7CF84D8EF}.Debug|Any CPU.Build.0 = Debug|Any CPU
		{EBFA53BE-DB47-4F2E-B660-9CB7CF84D8EF}.Release|Any CPU.ActiveCfg = Release|Any CPU
		{EBFA53BE-DB47-4F2E-B660-9CB7CF84D8EF}.Release|Any CPU.Build.0 = Release|Any CPU
	EndGlobalSection
	GlobalSection(SolutionProperties) = preSolution
		HideSolutionNode = FALSE
	EndGlobalSection
	GlobalSection(ExtensibilityGlobals) = postSolution
		SolutionGuid = {D3BF1581-F091-43AF-893F-4827CD5D1631}
	EndGlobalSection
EndGlobal
