
Microsoft Visual Studio Solution File, Format Version 12.00
# Visual Studio Version 17
VisualStudioVersion = 17.4.33205.214
MinimumVisualStudioVersion = 10.0.40219.1
Project("{FAE04EC0-301F-11D3-BF4B-00C04F79EFBC}") = "AssignmentPoker", "AssignmentPoker.csproj", "{7E485E04-5366-4AC3-8B66-90F16AB9704D}"
EndProject
Global
	GlobalSection(SolutionConfigurationPlatforms) = preSolution
		Debug|Any CPU = Debug|Any CPU
		Release|Any CPU = Release|Any CPU
	EndGlobalSection
	GlobalSection(ProjectConfigurationPlatforms) = postSolution
		{7E485E04-5366-4AC3-8B66-90F16AB9704D}.Debug|Any CPU.ActiveCfg = Debug|Any CPU
		{7E485E04-5366-4AC3-8B66-90F16AB9704D}.Debug|Any CPU.Build.0 = Debug|Any CPU
		{7E485E04-5366-4AC3-8B66-90F16AB9704D}.Release|Any CPU.ActiveCfg = Release|Any CPU
		{7E485E04-5366-4AC3-8B66-90F16AB9704D}.Release|Any CPU.Build.0 = Release|Any CPU
	EndGlobalSection
	GlobalSection(SolutionProperties) = preSolution
		HideSolutionNode = FALSE
	EndGlobalSection
	GlobalSection(ExtensibilityGlobals) = postSolution
		SolutionGuid = {54CFBE3E-C756-4C6B-911A-608E63B73A77}
	EndGlobalSection
EndGlobal
