
Microsoft Visual Studio Solution File, Format Version 12.00
# Visual Studio Version 17
VisualStudioVersion = 17.4.33205.214
MinimumVisualStudioVersion = 10.0.40219.1
Project("{FAE04EC0-301F-11D3-BF4B-00C04F79EFBC}") = "AssignmentTetris", "AssignmentTetris.csproj", "{52364CCA-D2D8-4EA8-83C5-890C08AE29EA}"
EndProject
Global
	GlobalSection(SolutionConfigurationPlatforms) = preSolution
		Debug|Any CPU = Debug|Any CPU
		Release|Any CPU = Release|Any CPU
	EndGlobalSection
	GlobalSection(ProjectConfigurationPlatforms) = postSolution
		{52364CCA-D2D8-4EA8-83C5-890C08AE29EA}.Debug|Any CPU.ActiveCfg = Debug|Any CPU
		{52364CCA-D2D8-4EA8-83C5-890C08AE29EA}.Debug|Any CPU.Build.0 = Debug|Any CPU
		{52364CCA-D2D8-4EA8-83C5-890C08AE29EA}.Release|Any CPU.ActiveCfg = Release|Any CPU
		{52364CCA-D2D8-4EA8-83C5-890C08AE29EA}.Release|Any CPU.Build.0 = Release|Any CPU
	EndGlobalSection
	GlobalSection(SolutionProperties) = preSolution
		HideSolutionNode = FALSE
	EndGlobalSection
	GlobalSection(ExtensibilityGlobals) = postSolution
		SolutionGuid = {98A4E98F-5931-4932-8984-17E6B89FEE3D}
	EndGlobalSection
EndGlobal
